
Microsoft Visual Studio Solution File, Format Version 12.00
# Visual Studio Version 17
VisualStudioVersion = 17.14.36414.22 d17.14
MinimumVisualStudioVersion = 10.0.40219.1
Project("{FAE04EC0-301F-11D3-BF4B-00C04F79EFBC}") = "HighEnergyAstrophysicsCourseNotesWebPage", "HighEnergyAstrophysicsCourseNotesWebPage\HighEnergyAstrophysicsCourseNotesWebPage.csproj", "{3A948E95-6A21-4E14-AFFA-2A3A788E005D}"
EndProject
Global
	GlobalSection(SolutionConfigurationPlatforms) = preSolution
		Debug|Any CPU = Debug|Any CPU
		Release|Any CPU = Release|Any CPU
	EndGlobalSection
	GlobalSection(ProjectConfigurationPlatforms) = postSolution
		{3A948E95-6A21-4E14-AFFA-2A3A788E005D}.Debug|Any CPU.ActiveCfg = Debug|Any CPU
		{3A948E95-6A21-4E14-AFFA-2A3A788E005D}.Debug|Any CPU.Build.0 = Debug|Any CPU
		{3A948E95-6A21-4E14-AFFA-2A3A788E005D}.Release|Any CPU.ActiveCfg = Release|Any CPU
		{3A948E95-6A21-4E14-AFFA-2A3A788E005D}.Release|Any CPU.Build.0 = Release|Any CPU
	EndGlobalSection
	GlobalSection(SolutionProperties) = preSolution
		HideSolutionNode = FALSE
	EndGlobalSection
	GlobalSection(ExtensibilityGlobals) = postSolution
		SolutionGuid = {671DD23E-C50B-4E1F-9C05-2A97CEE2404A}
	EndGlobalSection
EndGlobal
